
Microsoft Visual Studio Solution File, Format Version 12.00
# Visual Studio 15
VisualStudioVersion = 15.0.27004.2005
MinimumVisualStudioVersion = 10.0.40219.1
Project("{9A19103F-16F7-4668-BE54-9A1E7A4F7556}") = "EcsSync2", "EcsSync2\EcsSync2.csproj", "{3B9A4548-EF11-47F0-8DD2-D9733616E7E8}"
EndProject
Project("{FAE04EC0-301F-11D3-BF4B-00C04F79EFBC}") = "EcsSync2Tests", "EcsSync2Tests\EcsSync2Tests.csproj", "{BF40DECD-CA78-4948-AB96-610A66B0A742}"
EndProject
Project("{FAE04EC0-301F-11D3-BF4B-00C04F79EFBC}") = "EcsSync2Examples", "EcsSync2Examples\EcsSync2Examples.csproj", "{92E02D9B-DA3E-4EE9-87E4-7523DAE8858A}"
EndProject
Global
	GlobalSection(SolutionConfigurationPlatforms) = preSolution
		Debug|Any CPU = Debug|Any CPU
		Release|Any CPU = Release|Any CPU
	EndGlobalSection
	GlobalSection(ProjectConfigurationPlatforms) = postSolution
		{3B9A4548-EF11-47F0-8DD2-D9733616E7E8}.Debug|Any CPU.ActiveCfg = Debug|Any CPU
		{3B9A4548-EF11-47F0-8DD2-D9733616E7E8}.Debug|Any CPU.Build.0 = Debug|Any CPU
		{3B9A4548-EF11-47F0-8DD2-D9733616E7E8}.Release|Any CPU.ActiveCfg = Release|Any CPU
		{3B9A4548-EF11-47F0-8DD2-D9733616E7E8}.Release|Any CPU.Build.0 = Release|Any CPU
		{BF40DECD-CA78-4948-AB96-610A66B0A742}.Debug|Any CPU.ActiveCfg = Debug|Any CPU
		{BF40DECD-CA78-4948-AB96-610A66B0A742}.Debug|Any CPU.Build.0 = Debug|Any CPU
		{BF40DECD-CA78-4948-AB96-610A66B0A742}.Release|Any CPU.ActiveCfg = Release|Any CPU
		{BF40DECD-CA78-4948-AB96-610A66B0A742}.Release|Any CPU.Build.0 = Release|Any CPU
		{92E02D9B-DA3E-4EE9-87E4-7523DAE8858A}.Debug|Any CPU.ActiveCfg = Debug|Any CPU
		{92E02D9B-DA3E-4EE9-87E4-7523DAE8858A}.Debug|Any CPU.Build.0 = Debug|Any CPU
		{92E02D9B-DA3E-4EE9-87E4-7523DAE8858A}.Release|Any CPU.ActiveCfg = Release|Any CPU
		{92E02D9B-DA3E-4EE9-87E4-7523DAE8858A}.Release|Any CPU.Build.0 = Release|Any CPU
	EndGlobalSection
	GlobalSection(SolutionProperties) = preSolution
		HideSolutionNode = FALSE
	EndGlobalSection
	GlobalSection(ExtensibilityGlobals) = postSolution
		SolutionGuid = {FF4E4C0C-5A01-4559-BF9C-9B9854710255}
	EndGlobalSection
EndGlobal
