
Microsoft Visual Studio Solution File, Format Version 12.00
# Visual Studio 15
VisualStudioVersion = 15.0.27130.2026
MinimumVisualStudioVersion = 10.0.40219.1
Project("{9A19103F-16F7-4668-BE54-9A1E7A4F7556}") = "EcsSync2", "EcsSync2\EcsSync2.csproj", "{3B9A4548-EF11-47F0-8DD2-D9733616E7E8}"
EndProject
Project("{9A19103F-16F7-4668-BE54-9A1E7A4F7556}") = "EcsSync2Examples", "EcsSync2Examples\EcsSync2Examples.csproj", "{92E02D9B-DA3E-4EE9-87E4-7523DAE8858A}"
EndProject
Project("{9A19103F-16F7-4668-BE54-9A1E7A4F7556}") = "EcsSync2Tests", "EcsSync2Tests\EcsSync2Tests.csproj", "{14DA7180-65B2-49BC-A9A8-6D464A4F410E}"
EndProject
Project("{9A19103F-16F7-4668-BE54-9A1E7A4F7556}") = "EcsSync2Fps", "EcsSync2Fps\EcsSync2Fps.csproj", "{B9BA70AC-20D7-4BF7-8E3A-730FA1D2FFF9}"
	ProjectSection(ProjectDependencies) = postProject
		{3B9A4548-EF11-47F0-8DD2-D9733616E7E8} = {3B9A4548-EF11-47F0-8DD2-D9733616E7E8}
	EndProjectSection
EndProject
Global
	GlobalSection(SolutionConfigurationPlatforms) = preSolution
		Debug|Any CPU = Debug|Any CPU
		Release|Any CPU = Release|Any CPU
	EndGlobalSection
	GlobalSection(ProjectConfigurationPlatforms) = postSolution
		{3B9A4548-EF11-47F0-8DD2-D9733616E7E8}.Debug|Any CPU.ActiveCfg = Debug|Any CPU
		{3B9A4548-EF11-47F0-8DD2-D9733616E7E8}.Debug|Any CPU.Build.0 = Debug|Any CPU
		{3B9A4548-EF11-47F0-8DD2-D9733616E7E8}.Release|Any CPU.ActiveCfg = Release|Any CPU
		{3B9A4548-EF11-47F0-8DD2-D9733616E7E8}.Release|Any CPU.Build.0 = Release|Any CPU
		{92E02D9B-DA3E-4EE9-87E4-7523DAE8858A}.Debug|Any CPU.ActiveCfg = Debug|Any CPU
		{92E02D9B-DA3E-4EE9-87E4-7523DAE8858A}.Debug|Any CPU.Build.0 = Debug|Any CPU
		{92E02D9B-DA3E-4EE9-87E4-7523DAE8858A}.Release|Any CPU.ActiveCfg = Release|Any CPU
		{92E02D9B-DA3E-4EE9-87E4-7523DAE8858A}.Release|Any CPU.Build.0 = Release|Any CPU
		{14DA7180-65B2-49BC-A9A8-6D464A4F410E}.Debug|Any CPU.ActiveCfg = Debug|Any CPU
		{14DA7180-65B2-49BC-A9A8-6D464A4F410E}.Debug|Any CPU.Build.0 = Debug|Any CPU
		{14DA7180-65B2-49BC-A9A8-6D464A4F410E}.Release|Any CPU.ActiveCfg = Release|Any CPU
		{14DA7180-65B2-49BC-A9A8-6D464A4F410E}.Release|Any CPU.Build.0 = Release|Any CPU
		{B9BA70AC-20D7-4BF7-8E3A-730FA1D2FFF9}.Debug|Any CPU.ActiveCfg = Debug|Any CPU
		{B9BA70AC-20D7-4BF7-8E3A-730FA1D2FFF9}.Debug|Any CPU.Build.0 = Debug|Any CPU
		{B9BA70AC-20D7-4BF7-8E3A-730FA1D2FFF9}.Release|Any CPU.ActiveCfg = Release|Any CPU
		{B9BA70AC-20D7-4BF7-8E3A-730FA1D2FFF9}.Release|Any CPU.Build.0 = Release|Any CPU
	EndGlobalSection
	GlobalSection(SolutionProperties) = preSolution
		HideSolutionNode = FALSE
	EndGlobalSection
	GlobalSection(ExtensibilityGlobals) = postSolution
		SolutionGuid = {FF4E4C0C-5A01-4559-BF9C-9B9854710255}
	EndGlobalSection
EndGlobal
